
Microsoft Visual Studio Solution File, Format Version 12.00
# Visual Studio Version 17
VisualStudioVersion = 17.2.32505.173
MinimumVisualStudioVersion = 10.0.40219.1
Project("{2150E333-8FDC-42A3-9474-1A3956D46DE8}") = "Services", "Services", "{845C7667-C011-41F1-BDAA-7E3D5B123B38}"
EndProject
Project("{2150E333-8FDC-42A3-9474-1A3956D46DE8}") = "WebApps", "WebApps", "{9F714D75-8DE0-4442-BF1E-E24EC0B4DC28}"
EndProject
Project("{2150E333-8FDC-42A3-9474-1A3956D46DE8}") = "Catalogo", "Catalogo", "{0C2ADA8A-7714-4957-A9F0-2F99835F087C}"
EndProject
Project("{9A19103F-16F7-4668-BE54-9A1E7A4F7556}") = "NerdStore.Catalogo.Domain", "src\NerdStore.Catalogo.Domain\NerdStore.Catalogo.Domain.csproj", "{602251CB-73A6-4967-B566-B5ED74D15352}"
EndProject
Project("{2150E333-8FDC-42A3-9474-1A3956D46DE8}") = "Core", "Core", "{6D66F4A3-FD1C-414D-8559-51AE47A28AD3}"
EndProject
Project("{9A19103F-16F7-4668-BE54-9A1E7A4F7556}") = "NerdStore.Core", "src\NerdStore.Core\NerdStore.Core.csproj", "{F786093D-173D-4EAD-A5C5-7D33E5BADC43}"
EndProject
Project("{2150E333-8FDC-42A3-9474-1A3956D46DE8}") = "Tests", "Tests", "{FBA81263-F789-4FC8-9F81-A04B03B4FD3D}"
EndProject
Project("{9A19103F-16F7-4668-BE54-9A1E7A4F7556}") = "NerdStore.Catalogo.Domain.Tests", "tests\NerdStore.Catalogo.Domain.Tests\NerdStore.Catalogo.Domain.Tests.csproj", "{227A7063-2BDE-4786-B8BF-BCB1C5AE4665}"
EndProject
Project("{9A19103F-16F7-4668-BE54-9A1E7A4F7556}") = "NerdStore.Catalogo.Data", "src\NerdStore.Catalogo.Data\NerdStore.Catalogo.Data.csproj", "{DB4DCDE2-3E01-4DC4-A30F-FE974FA1D914}"
EndProject
Project("{9A19103F-16F7-4668-BE54-9A1E7A4F7556}") = "NerdStore.Catalogo.Application", "src\NerdStore.Catalogo.Application\NerdStore.Catalogo.Application.csproj", "{28CB7FFA-304C-4A9B-958E-76129E304258}"
EndProject
Project("{9A19103F-16F7-4668-BE54-9A1E7A4F7556}") = "NerdStore.WebApp.MVC", "src\NerdStore.WebApp.MVC\NerdStore.WebApp.MVC.csproj", "{70524921-8E21-4F4C-838C-91B3E020EF51}"
EndProject
Project("{2150E333-8FDC-42A3-9474-1A3956D46DE8}") = "Vendas", "Vendas", "{10AEA975-F223-478D-ACF0-5D36FB32F429}"
EndProject
Project("{9A19103F-16F7-4668-BE54-9A1E7A4F7556}") = "NerdStore.Vendas.Domain", "src\NerdStore.Vendas.Domain\NerdStore.Vendas.Domain.csproj", "{5ACB1A7B-916E-44B4-A02A-6FFD27CE259D}"
EndProject
Project("{9A19103F-16F7-4668-BE54-9A1E7A4F7556}") = "NerdStore.Vendas.Application", "src\NerdStore.Vendas.Application\NerdStore.Vendas.Application.csproj", "{5B2DB83F-6CE6-4167-A3B4-E80DAE46798F}"
EndProject
Project("{FAE04EC0-301F-11D3-BF4B-00C04F79EFBC}") = "NerdStore.Vendas.Data", "src\NerdStore.Vendas.Data\NerdStore.Vendas.Data.csproj", "{F300FD34-4EA4-4097-951B-F8869A1483FE}"
EndProject
Global
	GlobalSection(SolutionConfigurationPlatforms) = preSolution
		Debug|Any CPU = Debug|Any CPU
		Release|Any CPU = Release|Any CPU
	EndGlobalSection
	GlobalSection(ProjectConfigurationPlatforms) = postSolution
		{602251CB-73A6-4967-B566-B5ED74D15352}.Debug|Any CPU.ActiveCfg = Debug|Any CPU
		{602251CB-73A6-4967-B566-B5ED74D15352}.Debug|Any CPU.Build.0 = Debug|Any CPU
		{602251CB-73A6-4967-B566-B5ED74D15352}.Release|Any CPU.ActiveCfg = Release|Any CPU
		{602251CB-73A6-4967-B566-B5ED74D15352}.Release|Any CPU.Build.0 = Release|Any CPU
		{F786093D-173D-4EAD-A5C5-7D33E5BADC43}.Debug|Any CPU.ActiveCfg = Debug|Any CPU
		{F786093D-173D-4EAD-A5C5-7D33E5BADC43}.Debug|Any CPU.Build.0 = Debug|Any CPU
		{F786093D-173D-4EAD-A5C5-7D33E5BADC43}.Release|Any CPU.ActiveCfg = Release|Any CPU
		{F786093D-173D-4EAD-A5C5-7D33E5BADC43}.Release|Any CPU.Build.0 = Release|Any CPU
		{227A7063-2BDE-4786-B8BF-BCB1C5AE4665}.Debug|Any CPU.ActiveCfg = Debug|Any CPU
		{227A7063-2BDE-4786-B8BF-BCB1C5AE4665}.Debug|Any CPU.Build.0 = Debug|Any CPU
		{227A7063-2BDE-4786-B8BF-BCB1C5AE4665}.Release|Any CPU.ActiveCfg = Release|Any CPU
		{227A7063-2BDE-4786-B8BF-BCB1C5AE4665}.Release|Any CPU.Build.0 = Release|Any CPU
		{DB4DCDE2-3E01-4DC4-A30F-FE974FA1D914}.Debug|Any CPU.ActiveCfg = Debug|Any CPU
		{DB4DCDE2-3E01-4DC4-A30F-FE974FA1D914}.Debug|Any CPU.Build.0 = Debug|Any CPU
		{DB4DCDE2-3E01-4DC4-A30F-FE974FA1D914}.Release|Any CPU.ActiveCfg = Release|Any CPU
		{DB4DCDE2-3E01-4DC4-A30F-FE974FA1D914}.Release|Any CPU.Build.0 = Release|Any CPU
		{28CB7FFA-304C-4A9B-958E-76129E304258}.Debug|Any CPU.ActiveCfg = Debug|Any CPU
		{28CB7FFA-304C-4A9B-958E-76129E304258}.Debug|Any CPU.Build.0 = Debug|Any CPU
		{28CB7FFA-304C-4A9B-958E-76129E304258}.Release|Any CPU.ActiveCfg = Release|Any CPU
		{28CB7FFA-304C-4A9B-958E-76129E304258}.Release|Any CPU.Build.0 = Release|Any CPU
		{70524921-8E21-4F4C-838C-91B3E020EF51}.Debug|Any CPU.ActiveCfg = Debug|Any CPU
		{70524921-8E21-4F4C-838C-91B3E020EF51}.Debug|Any CPU.Build.0 = Debug|Any CPU
		{70524921-8E21-4F4C-838C-91B3E020EF51}.Release|Any CPU.ActiveCfg = Release|Any CPU
		{70524921-8E21-4F4C-838C-91B3E020EF51}.Release|Any CPU.Build.0 = Release|Any CPU
		{5ACB1A7B-916E-44B4-A02A-6FFD27CE259D}.Debug|Any CPU.ActiveCfg = Debug|Any CPU
		{5ACB1A7B-916E-44B4-A02A-6FFD27CE259D}.Debug|Any CPU.Build.0 = Debug|Any CPU
		{5ACB1A7B-916E-44B4-A02A-6FFD27CE259D}.Release|Any CPU.ActiveCfg = Release|Any CPU
		{5ACB1A7B-916E-44B4-A02A-6FFD27CE259D}.Release|Any CPU.Build.0 = Release|Any CPU
		{5B2DB83F-6CE6-4167-A3B4-E80DAE46798F}.Debug|Any CPU.ActiveCfg = Debug|Any CPU
		{5B2DB83F-6CE6-4167-A3B4-E80DAE46798F}.Debug|Any CPU.Build.0 = Debug|Any CPU
		{5B2DB83F-6CE6-4167-A3B4-E80DAE46798F}.Release|Any CPU.ActiveCfg = Release|Any CPU
		{5B2DB83F-6CE6-4167-A3B4-E80DAE46798F}.Release|Any CPU.Build.0 = Release|Any CPU
		{F300FD34-4EA4-4097-951B-F8869A1483FE}.Debug|Any CPU.ActiveCfg = Debug|Any CPU
		{F300FD34-4EA4-4097-951B-F8869A1483FE}.Debug|Any CPU.Build.0 = Debug|Any CPU
		{F300FD34-4EA4-4097-951B-F8869A1483FE}.Release|Any CPU.ActiveCfg = Release|Any CPU
		{F300FD34-4EA4-4097-951B-F8869A1483FE}.Release|Any CPU.Build.0 = Release|Any CPU
	EndGlobalSection
	GlobalSection(SolutionProperties) = preSolution
		HideSolutionNode = FALSE
	EndGlobalSection
	GlobalSection(NestedProjects) = preSolution
		{0C2ADA8A-7714-4957-A9F0-2F99835F087C} = {845C7667-C011-41F1-BDAA-7E3D5B123B38}
		{602251CB-73A6-4967-B566-B5ED74D15352} = {0C2ADA8A-7714-4957-A9F0-2F99835F087C}
		{6D66F4A3-FD1C-414D-8559-51AE47A28AD3} = {845C7667-C011-41F1-BDAA-7E3D5B123B38}
		{F786093D-173D-4EAD-A5C5-7D33E5BADC43} = {6D66F4A3-FD1C-414D-8559-51AE47A28AD3}
		{FBA81263-F789-4FC8-9F81-A04B03B4FD3D} = {0C2ADA8A-7714-4957-A9F0-2F99835F087C}
		{227A7063-2BDE-4786-B8BF-BCB1C5AE4665} = {FBA81263-F789-4FC8-9F81-A04B03B4FD3D}
		{DB4DCDE2-3E01-4DC4-A30F-FE974FA1D914} = {0C2ADA8A-7714-4957-A9F0-2F99835F087C}
		{28CB7FFA-304C-4A9B-958E-76129E304258} = {0C2ADA8A-7714-4957-A9F0-2F99835F087C}
		{70524921-8E21-4F4C-838C-91B3E020EF51} = {9F714D75-8DE0-4442-BF1E-E24EC0B4DC28}
		{10AEA975-F223-478D-ACF0-5D36FB32F429} = {845C7667-C011-41F1-BDAA-7E3D5B123B38}
		{5ACB1A7B-916E-44B4-A02A-6FFD27CE259D} = {10AEA975-F223-478D-ACF0-5D36FB32F429}
		{5B2DB83F-6CE6-4167-A3B4-E80DAE46798F} = {10AEA975-F223-478D-ACF0-5D36FB32F429}
		{F300FD34-4EA4-4097-951B-F8869A1483FE} = {10AEA975-F223-478D-ACF0-5D36FB32F429}
	EndGlobalSection
	GlobalSection(ExtensibilityGlobals) = postSolution
		SolutionGuid = {DB002F02-78DA-4C5C-823A-17A85674653F}
	EndGlobalSection
EndGlobal
