
Microsoft Visual Studio Solution File, Format Version 12.00
# Visual Studio Version 17
VisualStudioVersion = 17.2.32505.173
MinimumVisualStudioVersion = 10.0.40219.1
Project("{2150E333-8FDC-42A3-9474-1A3956D46DE8}") = "Services", "Services", "{845C7667-C011-41F1-BDAA-7E3D5B123B38}"
EndProject
Project("{2150E333-8FDC-42A3-9474-1A3956D46DE8}") = "WebApps", "WebApps", "{9F714D75-8DE0-4442-BF1E-E24EC0B4DC28}"
EndProject
Project("{2150E333-8FDC-42A3-9474-1A3956D46DE8}") = "Catalogo", "Catalogo", "{0C2ADA8A-7714-4957-A9F0-2F99835F087C}"
EndProject
Project("{FAE04EC0-301F-11D3-BF4B-00C04F79EFBC}") = "NerdStore.Catalogo.Domain", "src\NerdStore.Catalogo.Domain\NerdStore.Catalogo.Domain.csproj", "{602251CB-73A6-4967-B566-B5ED74D15352}"
EndProject
Project("{2150E333-8FDC-42A3-9474-1A3956D46DE8}") = "Core", "Core", "{6D66F4A3-FD1C-414D-8559-51AE47A28AD3}"
EndProject
Project("{FAE04EC0-301F-11D3-BF4B-00C04F79EFBC}") = "NerdStore.Core", "src\NerdStore.Core\NerdStore.Core.csproj", "{F786093D-173D-4EAD-A5C5-7D33E5BADC43}"
EndProject
Global
	GlobalSection(SolutionConfigurationPlatforms) = preSolution
		Debug|Any CPU = Debug|Any CPU
		Release|Any CPU = Release|Any CPU
	EndGlobalSection
	GlobalSection(ProjectConfigurationPlatforms) = postSolution
		{602251CB-73A6-4967-B566-B5ED74D15352}.Debug|Any CPU.ActiveCfg = Debug|Any CPU
		{602251CB-73A6-4967-B566-B5ED74D15352}.Debug|Any CPU.Build.0 = Debug|Any CPU
		{602251CB-73A6-4967-B566-B5ED74D15352}.Release|Any CPU.ActiveCfg = Release|Any CPU
		{602251CB-73A6-4967-B566-B5ED74D15352}.Release|Any CPU.Build.0 = Release|Any CPU
		{F786093D-173D-4EAD-A5C5-7D33E5BADC43}.Debug|Any CPU.ActiveCfg = Debug|Any CPU
		{F786093D-173D-4EAD-A5C5-7D33E5BADC43}.Debug|Any CPU.Build.0 = Debug|Any CPU
		{F786093D-173D-4EAD-A5C5-7D33E5BADC43}.Release|Any CPU.ActiveCfg = Release|Any CPU
		{F786093D-173D-4EAD-A5C5-7D33E5BADC43}.Release|Any CPU.Build.0 = Release|Any CPU
	EndGlobalSection
	GlobalSection(SolutionProperties) = preSolution
		HideSolutionNode = FALSE
	EndGlobalSection
	GlobalSection(NestedProjects) = preSolution
		{0C2ADA8A-7714-4957-A9F0-2F99835F087C} = {845C7667-C011-41F1-BDAA-7E3D5B123B38}
		{602251CB-73A6-4967-B566-B5ED74D15352} = {0C2ADA8A-7714-4957-A9F0-2F99835F087C}
		{6D66F4A3-FD1C-414D-8559-51AE47A28AD3} = {845C7667-C011-41F1-BDAA-7E3D5B123B38}
		{F786093D-173D-4EAD-A5C5-7D33E5BADC43} = {6D66F4A3-FD1C-414D-8559-51AE47A28AD3}
	EndGlobalSection
	GlobalSection(ExtensibilityGlobals) = postSolution
		SolutionGuid = {DB002F02-78DA-4C5C-823A-17A85674653F}
	EndGlobalSection
EndGlobal
